
Microsoft Visual Studio Solution File, Format Version 12.00
# Visual Studio Version 16
VisualStudioVersion = 16.0.810.25
MinimumVisualStudioVersion = 10.0.40219.1
Project("{FAE04EC0-301F-11D3-BF4B-00C04F79EFBC}") = "EducationalProject", "EducationalProject\EducationalProject.csproj", "{6B20DD8F-B180-4BFD-8A2E-4B53E7C47EBD}"
EndProject
Project("{FAE04EC0-301F-11D3-BF4B-00C04F79EFBC}") = "Lesson2", "Lesson2\Lesson2.csproj", "{23870A8E-E844-4270-B6C7-0C9CD009DC0D}"
EndProject
Project("{FAE04EC0-301F-11D3-BF4B-00C04F79EFBC}") = "AverageValue", "AverageValue\AverageValue.csproj", "{5F791DDA-85E5-4CA6-9353-0101EDBEE424}"
EndProject
Project("{FAE04EC0-301F-11D3-BF4B-00C04F79EFBC}") = "Lesson3part1", "Lesson3part1\Lesson3part1.csproj", "{F3BB6F8C-FBAD-49CD-A2F4-3E26F795A641}"
EndProject
Project("{FAE04EC0-301F-11D3-BF4B-00C04F79EFBC}") = "Lesson3part2", "Lesson3part2\Lesson3part2.csproj", "{516B0776-FAAF-44F8-B74E-45FE8C035316}"
EndProject
Project("{FAE04EC0-301F-11D3-BF4B-00C04F79EFBC}") = "Lesson3part3", "Lesson3part3\Lesson3part3.csproj", "{54C536D9-ACC2-41C9-A18B-E8D71B464161}"
EndProject
Project("{FAE04EC0-301F-11D3-BF4B-00C04F79EFBC}") = "Lesson3part4", "Lesson3part4\Lesson3part4.csproj", "{789FF0F6-16DD-4B1A-900D-6DAC83FE9618}"
EndProject
Project("{FAE04EC0-301F-11D3-BF4B-00C04F79EFBC}") = "Lesson4", "Lesson4\Lesson4.csproj", "{5DE6677E-31F1-46D6-91FA-57E30BB56F1C}"
EndProject
Project("{FAE04EC0-301F-11D3-BF4B-00C04F79EFBC}") = "Lesson5", "Lesson5\Lesson5.csproj", "{F17AC2C4-FF63-4671-B05D-703C7042FE49}"
EndProject
Project("{FAE04EC0-301F-11D3-BF4B-00C04F79EFBC}") = "Lesson6", "Lesson6\Lesson6.csproj", "{224A8ECD-C6B1-482F-9FD9-B7FED986E273}"
EndProject
Project("{FAE04EC0-301F-11D3-BF4B-00C04F79EFBC}") = "Lesson7", "Lesson7\Lesson7.csproj", "{7DF29956-9457-4D4C-8DB0-613FDCD6648C}"
EndProject
Project("{FAE04EC0-301F-11D3-BF4B-00C04F79EFBC}") = "Lesson8", "Lesson8\Lesson8.csproj", "{A55C713C-77AC-40BA-A2F3-0B908808A955}"
EndProject
Project("{FAE04EC0-301F-11D3-BF4B-00C04F79EFBC}") = "Lesson9", "Lesson9\Lesson9.csproj", "{2530DF92-8280-4ADA-AD45-8958CC7EE13C}"
EndProject
Global
	GlobalSection(SolutionConfigurationPlatforms) = preSolution
		Debug|Any CPU = Debug|Any CPU
		Release|Any CPU = Release|Any CPU
	EndGlobalSection
	GlobalSection(ProjectConfigurationPlatforms) = postSolution
		{6B20DD8F-B180-4BFD-8A2E-4B53E7C47EBD}.Debug|Any CPU.ActiveCfg = Debug|Any CPU
		{6B20DD8F-B180-4BFD-8A2E-4B53E7C47EBD}.Debug|Any CPU.Build.0 = Debug|Any CPU
		{6B20DD8F-B180-4BFD-8A2E-4B53E7C47EBD}.Release|Any CPU.ActiveCfg = Release|Any CPU
		{6B20DD8F-B180-4BFD-8A2E-4B53E7C47EBD}.Release|Any CPU.Build.0 = Release|Any CPU
		{23870A8E-E844-4270-B6C7-0C9CD009DC0D}.Debug|Any CPU.ActiveCfg = Debug|Any CPU
		{23870A8E-E844-4270-B6C7-0C9CD009DC0D}.Debug|Any CPU.Build.0 = Debug|Any CPU
		{23870A8E-E844-4270-B6C7-0C9CD009DC0D}.Release|Any CPU.ActiveCfg = Release|Any CPU
		{23870A8E-E844-4270-B6C7-0C9CD009DC0D}.Release|Any CPU.Build.0 = Release|Any CPU
		{5F791DDA-85E5-4CA6-9353-0101EDBEE424}.Debug|Any CPU.ActiveCfg = Debug|Any CPU
		{5F791DDA-85E5-4CA6-9353-0101EDBEE424}.Debug|Any CPU.Build.0 = Debug|Any CPU
		{5F791DDA-85E5-4CA6-9353-0101EDBEE424}.Release|Any CPU.ActiveCfg = Release|Any CPU
		{5F791DDA-85E5-4CA6-9353-0101EDBEE424}.Release|Any CPU.Build.0 = Release|Any CPU
		{F3BB6F8C-FBAD-49CD-A2F4-3E26F795A641}.Debug|Any CPU.ActiveCfg = Debug|Any CPU
		{F3BB6F8C-FBAD-49CD-A2F4-3E26F795A641}.Debug|Any CPU.Build.0 = Debug|Any CPU
		{F3BB6F8C-FBAD-49CD-A2F4-3E26F795A641}.Release|Any CPU.ActiveCfg = Release|Any CPU
		{F3BB6F8C-FBAD-49CD-A2F4-3E26F795A641}.Release|Any CPU.Build.0 = Release|Any CPU
		{516B0776-FAAF-44F8-B74E-45FE8C035316}.Debug|Any CPU.ActiveCfg = Debug|Any CPU
		{516B0776-FAAF-44F8-B74E-45FE8C035316}.Debug|Any CPU.Build.0 = Debug|Any CPU
		{516B0776-FAAF-44F8-B74E-45FE8C035316}.Release|Any CPU.ActiveCfg = Release|Any CPU
		{516B0776-FAAF-44F8-B74E-45FE8C035316}.Release|Any CPU.Build.0 = Release|Any CPU
		{54C536D9-ACC2-41C9-A18B-E8D71B464161}.Debug|Any CPU.ActiveCfg = Debug|Any CPU
		{54C536D9-ACC2-41C9-A18B-E8D71B464161}.Debug|Any CPU.Build.0 = Debug|Any CPU
		{54C536D9-ACC2-41C9-A18B-E8D71B464161}.Release|Any CPU.ActiveCfg = Release|Any CPU
		{54C536D9-ACC2-41C9-A18B-E8D71B464161}.Release|Any CPU.Build.0 = Release|Any CPU
		{789FF0F6-16DD-4B1A-900D-6DAC83FE9618}.Debug|Any CPU.ActiveCfg = Debug|Any CPU
		{789FF0F6-16DD-4B1A-900D-6DAC83FE9618}.Debug|Any CPU.Build.0 = Debug|Any CPU
		{789FF0F6-16DD-4B1A-900D-6DAC83FE9618}.Release|Any CPU.ActiveCfg = Release|Any CPU
		{789FF0F6-16DD-4B1A-900D-6DAC83FE9618}.Release|Any CPU.Build.0 = Release|Any CPU
		{5DE6677E-31F1-46D6-91FA-57E30BB56F1C}.Debug|Any CPU.ActiveCfg = Debug|Any CPU
		{5DE6677E-31F1-46D6-91FA-57E30BB56F1C}.Debug|Any CPU.Build.0 = Debug|Any CPU
		{5DE6677E-31F1-46D6-91FA-57E30BB56F1C}.Release|Any CPU.ActiveCfg = Release|Any CPU
		{5DE6677E-31F1-46D6-91FA-57E30BB56F1C}.Release|Any CPU.Build.0 = Release|Any CPU
		{F17AC2C4-FF63-4671-B05D-703C7042FE49}.Debug|Any CPU.ActiveCfg = Debug|Any CPU
		{F17AC2C4-FF63-4671-B05D-703C7042FE49}.Debug|Any CPU.Build.0 = Debug|Any CPU
		{F17AC2C4-FF63-4671-B05D-703C7042FE49}.Release|Any CPU.ActiveCfg = Release|Any CPU
		{F17AC2C4-FF63-4671-B05D-703C7042FE49}.Release|Any CPU.Build.0 = Release|Any CPU
		{224A8ECD-C6B1-482F-9FD9-B7FED986E273}.Debug|Any CPU.ActiveCfg = Debug|Any CPU
		{224A8ECD-C6B1-482F-9FD9-B7FED986E273}.Debug|Any CPU.Build.0 = Debug|Any CPU
		{224A8ECD-C6B1-482F-9FD9-B7FED986E273}.Release|Any CPU.ActiveCfg = Release|Any CPU
		{224A8ECD-C6B1-482F-9FD9-B7FED986E273}.Release|Any CPU.Build.0 = Release|Any CPU
		{7DF29956-9457-4D4C-8DB0-613FDCD6648C}.Debug|Any CPU.ActiveCfg = Debug|Any CPU
		{7DF29956-9457-4D4C-8DB0-613FDCD6648C}.Debug|Any CPU.Build.0 = Debug|Any CPU
		{7DF29956-9457-4D4C-8DB0-613FDCD6648C}.Release|Any CPU.ActiveCfg = Release|Any CPU
		{7DF29956-9457-4D4C-8DB0-613FDCD6648C}.Release|Any CPU.Build.0 = Release|Any CPU
		{A55C713C-77AC-40BA-A2F3-0B908808A955}.Debug|Any CPU.ActiveCfg = Debug|Any CPU
		{A55C713C-77AC-40BA-A2F3-0B908808A955}.Debug|Any CPU.Build.0 = Debug|Any CPU
		{A55C713C-77AC-40BA-A2F3-0B908808A955}.Release|Any CPU.ActiveCfg = Release|Any CPU
		{A55C713C-77AC-40BA-A2F3-0B908808A955}.Release|Any CPU.Build.0 = Release|Any CPU
		{2530DF92-8280-4ADA-AD45-8958CC7EE13C}.Debug|Any CPU.ActiveCfg = Debug|Any CPU
		{2530DF92-8280-4ADA-AD45-8958CC7EE13C}.Debug|Any CPU.Build.0 = Debug|Any CPU
		{2530DF92-8280-4ADA-AD45-8958CC7EE13C}.Release|Any CPU.ActiveCfg = Release|Any CPU
		{2530DF92-8280-4ADA-AD45-8958CC7EE13C}.Release|Any CPU.Build.0 = Release|Any CPU
	EndGlobalSection
	GlobalSection(SolutionProperties) = preSolution
		HideSolutionNode = FALSE
	EndGlobalSection
	GlobalSection(ExtensibilityGlobals) = postSolution
		SolutionGuid = {0DD38F59-C738-474A-BCDA-F4A0085C5284}
	EndGlobalSection
EndGlobal
