
Microsoft Visual Studio Solution File, Format Version 12.00
# Visual Studio Version 16
VisualStudioVersion = 16.0.810.25
MinimumVisualStudioVersion = 10.0.40219.1
Project("{FAE04EC0-301F-11D3-BF4B-00C04F79EFBC}") = "Lesson1", "EducationalProject\Lesson1.csproj", "{6B20DD8F-B180-4BFD-8A2E-4B53E7C47EBD}"
EndProject
Project("{FAE04EC0-301F-11D3-BF4B-00C04F79EFBC}") = "Lesson2", "Lesson2\Lesson2.csproj", "{23870A8E-E844-4270-B6C7-0C9CD009DC0D}"
EndProject
Project("{FAE04EC0-301F-11D3-BF4B-00C04F79EFBC}") = "AverageValue", "AverageValue\AverageValue.csproj", "{5F791DDA-85E5-4CA6-9353-0101EDBEE424}"
EndProject
Project("{FAE04EC0-301F-11D3-BF4B-00C04F79EFBC}") = "Lesson4", "Lesson4\Lesson4.csproj", "{5DE6677E-31F1-46D6-91FA-57E30BB56F1C}"
EndProject
Project("{FAE04EC0-301F-11D3-BF4B-00C04F79EFBC}") = "Lesson5", "Lesson5\Lesson5.csproj", "{F17AC2C4-FF63-4671-B05D-703C7042FE49}"
EndProject
Project("{FAE04EC0-301F-11D3-BF4B-00C04F79EFBC}") = "Lesson6", "Lesson6\Lesson6.csproj", "{224A8ECD-C6B1-482F-9FD9-B7FED986E273}"
EndProject
Project("{FAE04EC0-301F-11D3-BF4B-00C04F79EFBC}") = "Lesson7", "Lesson7\Lesson7.csproj", "{7DF29956-9457-4D4C-8DB0-613FDCD6648C}"
EndProject
Project("{FAE04EC0-301F-11D3-BF4B-00C04F79EFBC}") = "Lesson8", "Lesson8\Lesson8.csproj", "{A55C713C-77AC-40BA-A2F3-0B908808A955}"
EndProject
Project("{FAE04EC0-301F-11D3-BF4B-00C04F79EFBC}") = "Lesson9", "Lesson9\Lesson9.csproj", "{2530DF92-8280-4ADA-AD45-8958CC7EE13C}"
EndProject
Project("{FAE04EC0-301F-11D3-BF4B-00C04F79EFBC}") = "Lesson10", "Lesson10\Lesson10.csproj", "{0952F39D-323B-4B95-B428-63E9F3101044}"
EndProject
Project("{FAE04EC0-301F-11D3-BF4B-00C04F79EFBC}") = "Lesson11", "Lesson11\Lesson11.csproj", "{AE4A75DA-66A7-486B-8D12-DA8B9A517C75}"
EndProject
Project("{FAE04EC0-301F-11D3-BF4B-00C04F79EFBC}") = "Lesson12", "Lesson12\Lesson12.csproj", "{C137BBAD-299F-44C0-8A1F-FDA6EEC707ED}"
EndProject
Project("{FAE04EC0-301F-11D3-BF4B-00C04F79EFBC}") = "MidtermTest", "MidtermTest\MidtermTest.csproj", "{F07C3FFF-2641-4E15-8B1E-4051C22449AB}"
EndProject
Project("{FAE04EC0-301F-11D3-BF4B-00C04F79EFBC}") = "Lesson3", "Lesson3\Lesson3.csproj", "{CEF489E5-2A7B-4C9E-9BF8-8880910A1F54}"
EndProject
Project("{FAE04EC0-301F-11D3-BF4B-00C04F79EFBC}") = "Lesson13", "Lesson13\Lesson13.csproj", "{45FF58AE-AAA3-44AF-AEB8-11E280A8036C}"
EndProject
Project("{FAE04EC0-301F-11D3-BF4B-00C04F79EFBC}") = "Lesson14", "Lesson14\Lesson14.csproj", "{2B48738D-EAFD-4BA6-BAEF-F554D3AB0E6B}"
EndProject
Project("{FAE04EC0-301F-11D3-BF4B-00C04F79EFBC}") = "Lesson15", "Lesson15\Lesson15.csproj", "{3C2135E3-BEDB-4DFE-A84D-6526B672F553}"
EndProject
Project("{FAE04EC0-301F-11D3-BF4B-00C04F79EFBC}") = "Lesson16", "Lesson16\Lesson16.csproj", "{176516C1-6621-4BB8-8C5C-7FA7512D34DA}"
EndProject
Project("{FAE04EC0-301F-11D3-BF4B-00C04F79EFBC}") = "Lesson17", "Lesson17\Lesson17.csproj", "{2CA5060C-3B0B-40BD-8C12-8C0731061B6C}"
EndProject
Project("{FAE04EC0-301F-11D3-BF4B-00C04F79EFBC}") = "Lesson18", "Lesson18\Lesson18.csproj", "{6A786BD5-BE92-4A6C-BD48-125BB9D395FC}"
EndProject
Project("{FAE04EC0-301F-11D3-BF4B-00C04F79EFBC}") = "Lesson19", "Lesson19\Lesson19.csproj", "{8B74E76E-0453-4B58-9D63-CD8B44E755F4}"
EndProject
Project("{FAE04EC0-301F-11D3-BF4B-00C04F79EFBC}") = "Lesson20", "Lesson20\Lesson20.csproj", "{3EE1A775-747D-44FA-A0DF-9BFFD3F51B8C}"
EndProject
Global
	GlobalSection(SolutionConfigurationPlatforms) = preSolution
		Debug|Any CPU = Debug|Any CPU
		Release|Any CPU = Release|Any CPU
	EndGlobalSection
	GlobalSection(ProjectConfigurationPlatforms) = postSolution
		{6B20DD8F-B180-4BFD-8A2E-4B53E7C47EBD}.Debug|Any CPU.ActiveCfg = Debug|Any CPU
		{6B20DD8F-B180-4BFD-8A2E-4B53E7C47EBD}.Debug|Any CPU.Build.0 = Debug|Any CPU
		{6B20DD8F-B180-4BFD-8A2E-4B53E7C47EBD}.Release|Any CPU.ActiveCfg = Release|Any CPU
		{6B20DD8F-B180-4BFD-8A2E-4B53E7C47EBD}.Release|Any CPU.Build.0 = Release|Any CPU
		{23870A8E-E844-4270-B6C7-0C9CD009DC0D}.Debug|Any CPU.ActiveCfg = Debug|Any CPU
		{23870A8E-E844-4270-B6C7-0C9CD009DC0D}.Debug|Any CPU.Build.0 = Debug|Any CPU
		{23870A8E-E844-4270-B6C7-0C9CD009DC0D}.Release|Any CPU.ActiveCfg = Release|Any CPU
		{23870A8E-E844-4270-B6C7-0C9CD009DC0D}.Release|Any CPU.Build.0 = Release|Any CPU
		{5F791DDA-85E5-4CA6-9353-0101EDBEE424}.Debug|Any CPU.ActiveCfg = Debug|Any CPU
		{5F791DDA-85E5-4CA6-9353-0101EDBEE424}.Debug|Any CPU.Build.0 = Debug|Any CPU
		{5F791DDA-85E5-4CA6-9353-0101EDBEE424}.Release|Any CPU.ActiveCfg = Release|Any CPU
		{5F791DDA-85E5-4CA6-9353-0101EDBEE424}.Release|Any CPU.Build.0 = Release|Any CPU
		{5DE6677E-31F1-46D6-91FA-57E30BB56F1C}.Debug|Any CPU.ActiveCfg = Debug|Any CPU
		{5DE6677E-31F1-46D6-91FA-57E30BB56F1C}.Debug|Any CPU.Build.0 = Debug|Any CPU
		{5DE6677E-31F1-46D6-91FA-57E30BB56F1C}.Release|Any CPU.ActiveCfg = Release|Any CPU
		{5DE6677E-31F1-46D6-91FA-57E30BB56F1C}.Release|Any CPU.Build.0 = Release|Any CPU
		{F17AC2C4-FF63-4671-B05D-703C7042FE49}.Debug|Any CPU.ActiveCfg = Debug|Any CPU
		{F17AC2C4-FF63-4671-B05D-703C7042FE49}.Debug|Any CPU.Build.0 = Debug|Any CPU
		{F17AC2C4-FF63-4671-B05D-703C7042FE49}.Release|Any CPU.ActiveCfg = Release|Any CPU
		{F17AC2C4-FF63-4671-B05D-703C7042FE49}.Release|Any CPU.Build.0 = Release|Any CPU
		{224A8ECD-C6B1-482F-9FD9-B7FED986E273}.Debug|Any CPU.ActiveCfg = Debug|Any CPU
		{224A8ECD-C6B1-482F-9FD9-B7FED986E273}.Debug|Any CPU.Build.0 = Debug|Any CPU
		{224A8ECD-C6B1-482F-9FD9-B7FED986E273}.Release|Any CPU.ActiveCfg = Release|Any CPU
		{224A8ECD-C6B1-482F-9FD9-B7FED986E273}.Release|Any CPU.Build.0 = Release|Any CPU
		{7DF29956-9457-4D4C-8DB0-613FDCD6648C}.Debug|Any CPU.ActiveCfg = Debug|Any CPU
		{7DF29956-9457-4D4C-8DB0-613FDCD6648C}.Debug|Any CPU.Build.0 = Debug|Any CPU
		{7DF29956-9457-4D4C-8DB0-613FDCD6648C}.Release|Any CPU.ActiveCfg = Release|Any CPU
		{7DF29956-9457-4D4C-8DB0-613FDCD6648C}.Release|Any CPU.Build.0 = Release|Any CPU
		{A55C713C-77AC-40BA-A2F3-0B908808A955}.Debug|Any CPU.ActiveCfg = Debug|Any CPU
		{A55C713C-77AC-40BA-A2F3-0B908808A955}.Debug|Any CPU.Build.0 = Debug|Any CPU
		{A55C713C-77AC-40BA-A2F3-0B908808A955}.Release|Any CPU.ActiveCfg = Release|Any CPU
		{A55C713C-77AC-40BA-A2F3-0B908808A955}.Release|Any CPU.Build.0 = Release|Any CPU
		{2530DF92-8280-4ADA-AD45-8958CC7EE13C}.Debug|Any CPU.ActiveCfg = Debug|Any CPU
		{2530DF92-8280-4ADA-AD45-8958CC7EE13C}.Debug|Any CPU.Build.0 = Debug|Any CPU
		{2530DF92-8280-4ADA-AD45-8958CC7EE13C}.Release|Any CPU.ActiveCfg = Release|Any CPU
		{2530DF92-8280-4ADA-AD45-8958CC7EE13C}.Release|Any CPU.Build.0 = Release|Any CPU
		{0952F39D-323B-4B95-B428-63E9F3101044}.Debug|Any CPU.ActiveCfg = Debug|Any CPU
		{0952F39D-323B-4B95-B428-63E9F3101044}.Debug|Any CPU.Build.0 = Debug|Any CPU
		{0952F39D-323B-4B95-B428-63E9F3101044}.Release|Any CPU.ActiveCfg = Release|Any CPU
		{0952F39D-323B-4B95-B428-63E9F3101044}.Release|Any CPU.Build.0 = Release|Any CPU
		{AE4A75DA-66A7-486B-8D12-DA8B9A517C75}.Debug|Any CPU.ActiveCfg = Debug|Any CPU
		{AE4A75DA-66A7-486B-8D12-DA8B9A517C75}.Debug|Any CPU.Build.0 = Debug|Any CPU
		{AE4A75DA-66A7-486B-8D12-DA8B9A517C75}.Release|Any CPU.ActiveCfg = Release|Any CPU
		{AE4A75DA-66A7-486B-8D12-DA8B9A517C75}.Release|Any CPU.Build.0 = Release|Any CPU
		{C137BBAD-299F-44C0-8A1F-FDA6EEC707ED}.Debug|Any CPU.ActiveCfg = Debug|Any CPU
		{C137BBAD-299F-44C0-8A1F-FDA6EEC707ED}.Debug|Any CPU.Build.0 = Debug|Any CPU
		{C137BBAD-299F-44C0-8A1F-FDA6EEC707ED}.Release|Any CPU.ActiveCfg = Release|Any CPU
		{C137BBAD-299F-44C0-8A1F-FDA6EEC707ED}.Release|Any CPU.Build.0 = Release|Any CPU
		{F07C3FFF-2641-4E15-8B1E-4051C22449AB}.Debug|Any CPU.ActiveCfg = Debug|Any CPU
		{F07C3FFF-2641-4E15-8B1E-4051C22449AB}.Debug|Any CPU.Build.0 = Debug|Any CPU
		{F07C3FFF-2641-4E15-8B1E-4051C22449AB}.Release|Any CPU.ActiveCfg = Release|Any CPU
		{F07C3FFF-2641-4E15-8B1E-4051C22449AB}.Release|Any CPU.Build.0 = Release|Any CPU
		{CEF489E5-2A7B-4C9E-9BF8-8880910A1F54}.Debug|Any CPU.ActiveCfg = Debug|Any CPU
		{CEF489E5-2A7B-4C9E-9BF8-8880910A1F54}.Debug|Any CPU.Build.0 = Debug|Any CPU
		{CEF489E5-2A7B-4C9E-9BF8-8880910A1F54}.Release|Any CPU.ActiveCfg = Release|Any CPU
		{CEF489E5-2A7B-4C9E-9BF8-8880910A1F54}.Release|Any CPU.Build.0 = Release|Any CPU
		{45FF58AE-AAA3-44AF-AEB8-11E280A8036C}.Debug|Any CPU.ActiveCfg = Debug|Any CPU
		{45FF58AE-AAA3-44AF-AEB8-11E280A8036C}.Debug|Any CPU.Build.0 = Debug|Any CPU
		{45FF58AE-AAA3-44AF-AEB8-11E280A8036C}.Release|Any CPU.ActiveCfg = Release|Any CPU
		{45FF58AE-AAA3-44AF-AEB8-11E280A8036C}.Release|Any CPU.Build.0 = Release|Any CPU
		{2B48738D-EAFD-4BA6-BAEF-F554D3AB0E6B}.Debug|Any CPU.ActiveCfg = Debug|Any CPU
		{2B48738D-EAFD-4BA6-BAEF-F554D3AB0E6B}.Debug|Any CPU.Build.0 = Debug|Any CPU
		{2B48738D-EAFD-4BA6-BAEF-F554D3AB0E6B}.Release|Any CPU.ActiveCfg = Release|Any CPU
		{2B48738D-EAFD-4BA6-BAEF-F554D3AB0E6B}.Release|Any CPU.Build.0 = Release|Any CPU
		{3C2135E3-BEDB-4DFE-A84D-6526B672F553}.Debug|Any CPU.ActiveCfg = Debug|Any CPU
		{3C2135E3-BEDB-4DFE-A84D-6526B672F553}.Debug|Any CPU.Build.0 = Debug|Any CPU
		{3C2135E3-BEDB-4DFE-A84D-6526B672F553}.Release|Any CPU.ActiveCfg = Release|Any CPU
		{3C2135E3-BEDB-4DFE-A84D-6526B672F553}.Release|Any CPU.Build.0 = Release|Any CPU
		{176516C1-6621-4BB8-8C5C-7FA7512D34DA}.Debug|Any CPU.ActiveCfg = Debug|Any CPU
		{176516C1-6621-4BB8-8C5C-7FA7512D34DA}.Debug|Any CPU.Build.0 = Debug|Any CPU
		{176516C1-6621-4BB8-8C5C-7FA7512D34DA}.Release|Any CPU.ActiveCfg = Release|Any CPU
		{176516C1-6621-4BB8-8C5C-7FA7512D34DA}.Release|Any CPU.Build.0 = Release|Any CPU
		{2CA5060C-3B0B-40BD-8C12-8C0731061B6C}.Debug|Any CPU.ActiveCfg = Debug|Any CPU
		{2CA5060C-3B0B-40BD-8C12-8C0731061B6C}.Debug|Any CPU.Build.0 = Debug|Any CPU
		{2CA5060C-3B0B-40BD-8C12-8C0731061B6C}.Release|Any CPU.ActiveCfg = Release|Any CPU
		{2CA5060C-3B0B-40BD-8C12-8C0731061B6C}.Release|Any CPU.Build.0 = Release|Any CPU
		{6A786BD5-BE92-4A6C-BD48-125BB9D395FC}.Debug|Any CPU.ActiveCfg = Debug|Any CPU
		{6A786BD5-BE92-4A6C-BD48-125BB9D395FC}.Debug|Any CPU.Build.0 = Debug|Any CPU
		{6A786BD5-BE92-4A6C-BD48-125BB9D395FC}.Release|Any CPU.ActiveCfg = Release|Any CPU
		{6A786BD5-BE92-4A6C-BD48-125BB9D395FC}.Release|Any CPU.Build.0 = Release|Any CPU
		{8B74E76E-0453-4B58-9D63-CD8B44E755F4}.Debug|Any CPU.ActiveCfg = Debug|Any CPU
		{8B74E76E-0453-4B58-9D63-CD8B44E755F4}.Debug|Any CPU.Build.0 = Debug|Any CPU
		{8B74E76E-0453-4B58-9D63-CD8B44E755F4}.Release|Any CPU.ActiveCfg = Release|Any CPU
		{8B74E76E-0453-4B58-9D63-CD8B44E755F4}.Release|Any CPU.Build.0 = Release|Any CPU
		{3EE1A775-747D-44FA-A0DF-9BFFD3F51B8C}.Debug|Any CPU.ActiveCfg = Debug|Any CPU
		{3EE1A775-747D-44FA-A0DF-9BFFD3F51B8C}.Debug|Any CPU.Build.0 = Debug|Any CPU
		{3EE1A775-747D-44FA-A0DF-9BFFD3F51B8C}.Release|Any CPU.ActiveCfg = Release|Any CPU
		{3EE1A775-747D-44FA-A0DF-9BFFD3F51B8C}.Release|Any CPU.Build.0 = Release|Any CPU
	EndGlobalSection
	GlobalSection(SolutionProperties) = preSolution
		HideSolutionNode = FALSE
	EndGlobalSection
	GlobalSection(ExtensibilityGlobals) = postSolution
		SolutionGuid = {0DD38F59-C738-474A-BCDA-F4A0085C5284}
	EndGlobalSection
EndGlobal
